
Microsoft Visual Studio Solution File, Format Version 12.00
# Visual Studio 15
VisualStudioVersion = 15.0.26430.15
MinimumVisualStudioVersion = 10.0.40219.1
Project("{FAE04EC0-301F-11D3-BF4B-00C04F79EFBC}") = "DownLoadProject", "DownLoadProject\DownLoadProject.csproj", "{4440E234-E7A0-4E8E-986E-AFC706BD75FD}"
EndProject
Project("{FAE04EC0-301F-11D3-BF4B-00C04F79EFBC}") = "WebCrawl", "WebCrawl\WebCrawl.csproj", "{604E0684-384B-4EFD-8D85-B8E3C822A11C}"
EndProject
Project("{FAE04EC0-301F-11D3-BF4B-00C04F79EFBC}") = "Compile", "Compile\Compile.csproj", "{C13AC9FC-F918-46F6-AC7F-623AA62A4AE3}"
EndProject
Project("{FAE04EC0-301F-11D3-BF4B-00C04F79EFBC}") = "ScreenShot", "ScreenShot\ScreenShot.csproj", "{881FDE4F-44CB-4249-9976-C56BB8483369}"
EndProject
Project("{FAE04EC0-301F-11D3-BF4B-00C04F79EFBC}") = "XmlLogger", "XmlLogger\XmlLogger.csproj", "{169F5DCF-CF17-4388-AF4C-3C3F40D6AD90}"
EndProject
Project("{FAE04EC0-301F-11D3-BF4B-00C04F79EFBC}") = "XmlReader", "XmlReader\XmlReader.csproj", "{858C99CD-F2AA-46DF-BE36-C7C21E367417}"
EndProject
Global
	GlobalSection(SolutionConfigurationPlatforms) = preSolution
		Debug|Any CPU = Debug|Any CPU
		Release|Any CPU = Release|Any CPU
	EndGlobalSection
	GlobalSection(ProjectConfigurationPlatforms) = postSolution
		{4440E234-E7A0-4E8E-986E-AFC706BD75FD}.Debug|Any CPU.ActiveCfg = Debug|Any CPU
		{4440E234-E7A0-4E8E-986E-AFC706BD75FD}.Debug|Any CPU.Build.0 = Debug|Any CPU
		{4440E234-E7A0-4E8E-986E-AFC706BD75FD}.Release|Any CPU.ActiveCfg = Release|Any CPU
		{4440E234-E7A0-4E8E-986E-AFC706BD75FD}.Release|Any CPU.Build.0 = Release|Any CPU
		{604E0684-384B-4EFD-8D85-B8E3C822A11C}.Debug|Any CPU.ActiveCfg = Debug|Any CPU
		{604E0684-384B-4EFD-8D85-B8E3C822A11C}.Debug|Any CPU.Build.0 = Debug|Any CPU
		{604E0684-384B-4EFD-8D85-B8E3C822A11C}.Release|Any CPU.ActiveCfg = Release|Any CPU
		{604E0684-384B-4EFD-8D85-B8E3C822A11C}.Release|Any CPU.Build.0 = Release|Any CPU
		{C13AC9FC-F918-46F6-AC7F-623AA62A4AE3}.Debug|Any CPU.ActiveCfg = Debug|Any CPU
		{C13AC9FC-F918-46F6-AC7F-623AA62A4AE3}.Debug|Any CPU.Build.0 = Debug|Any CPU
		{C13AC9FC-F918-46F6-AC7F-623AA62A4AE3}.Release|Any CPU.ActiveCfg = Release|Any CPU
		{C13AC9FC-F918-46F6-AC7F-623AA62A4AE3}.Release|Any CPU.Build.0 = Release|Any CPU
		{881FDE4F-44CB-4249-9976-C56BB8483369}.Debug|Any CPU.ActiveCfg = Debug|Any CPU
		{881FDE4F-44CB-4249-9976-C56BB8483369}.Debug|Any CPU.Build.0 = Debug|Any CPU
		{881FDE4F-44CB-4249-9976-C56BB8483369}.Release|Any CPU.ActiveCfg = Release|Any CPU
		{881FDE4F-44CB-4249-9976-C56BB8483369}.Release|Any CPU.Build.0 = Release|Any CPU
		{169F5DCF-CF17-4388-AF4C-3C3F40D6AD90}.Debug|Any CPU.ActiveCfg = Debug|Any CPU
		{169F5DCF-CF17-4388-AF4C-3C3F40D6AD90}.Debug|Any CPU.Build.0 = Debug|Any CPU
		{169F5DCF-CF17-4388-AF4C-3C3F40D6AD90}.Release|Any CPU.ActiveCfg = Release|Any CPU
		{169F5DCF-CF17-4388-AF4C-3C3F40D6AD90}.Release|Any CPU.Build.0 = Release|Any CPU
		{858C99CD-F2AA-46DF-BE36-C7C21E367417}.Debug|Any CPU.ActiveCfg = Debug|Any CPU
		{858C99CD-F2AA-46DF-BE36-C7C21E367417}.Debug|Any CPU.Build.0 = Debug|Any CPU
		{858C99CD-F2AA-46DF-BE36-C7C21E367417}.Release|Any CPU.ActiveCfg = Release|Any CPU
		{858C99CD-F2AA-46DF-BE36-C7C21E367417}.Release|Any CPU.Build.0 = Release|Any CPU
	EndGlobalSection
	GlobalSection(SolutionProperties) = preSolution
		HideSolutionNode = FALSE
	EndGlobalSection
	GlobalSection(ExtensibilityGlobals) = postSolution
		SolutionGuid = {42E4EF96-F6F6-46AE-88A5-0EBE6843F014}
	EndGlobalSection
EndGlobal
